packages:
  - name: codegen
    package: dbt-labs/codegen
    version: 0.13.1
  - name: dbt_utils
    package: dbt-labs/dbt_utils
    version: 1.1.0
  - name: dbt_external_tables
    package: dbt-labs/dbt_external_tables
    version: 0.8.4
  - name: dbt_expectations
    package: calogica/dbt_expectations
    version: 0.8.4
  - name: audit_helper
    package: dbt-labs/audit_helper
    version: 0.9.0
  - name: elementary
    package: elementary-data/elementary
    version: 0.13.0
  - name: dbt_date
    package: calogica/dbt_date
    version: 0.7.2
sha1_hash: 8cc945693eb13af9591c766816e135af0eb04531
